{
  "pins" : [
    {
      "identity" : "action",
      "kind" : "remoteSourceControl",
      "location" : "https://github.com/RxSwiftCommunity/Action",
      "state" : {
        "revision" : "55f5da064fd66cb09acde22cbbb744fe7f6355aa",
        "version" : "5.0.0"
      }
    },
    {
      "identity" : "apikit",
      "kind" : "remoteSourceControl",
      "location" : "https://github.com/ishkawa/APIKit",
      "state" : {
        "revision" : "b839e53b870104798035b279d2a6168b0a2227b1",
        "version" : "5.4.0"
      }
    },
    {
      "identity" : "rxswift",
      "kind" : "remoteSourceControl",
      "location" : "https://github.com/ReactiveX/RxSwift.git",
      "state" : {
        "revision" : "b06a8c8596e4c3e8e7788e08e720e3248563ce6a",
        "version" : "6.7.1"
      }
    }
  ],
  "version" : 2
}
